
Microsoft Visual Studio Solution File, Format Version 12.00
# Visual Studio Version 16
VisualStudioVersion = 16.0.31410.357
MinimumVisualStudioVersion = 10.0.40219.1
Project("{9A19103F-16F7-4668-BE54-9A1E7A4F7556}") = "Encapsulation", "Encapsulation_Inheritance_Polymorphism\Encapsulation.csproj", "{E05A5233-8422-4C51-BCF3-037770D7EC9F}"
EndProject
Project("{FAE04EC0-301F-11D3-BF4B-00C04F79EFBC}") = "Inheritance", "Inheritance\Inheritance.csproj", "{EB298C83-8817-4E86-B8E5-EB50BF89BE2E}"
EndProject
Project("{FAE04EC0-301F-11D3-BF4B-00C04F79EFBC}") = "Polymorphism_UserError", "Polymorphism_UserError\Polymorphism_UserError.csproj", "{0E3DF3D5-20D8-4BF3-A7D8-D047E8E679C0}"
EndProject
Global
	GlobalSection(SolutionConfigurationPlatforms) = preSolution
		Debug|Any CPU = Debug|Any CPU
		Release|Any CPU = Release|Any CPU
	EndGlobalSection
	GlobalSection(ProjectConfigurationPlatforms) = postSolution
		{E05A5233-8422-4C51-BCF3-037770D7EC9F}.Debug|Any CPU.ActiveCfg = Debug|Any CPU
		{E05A5233-8422-4C51-BCF3-037770D7EC9F}.Debug|Any CPU.Build.0 = Debug|Any CPU
		{E05A5233-8422-4C51-BCF3-037770D7EC9F}.Release|Any CPU.ActiveCfg = Release|Any CPU
		{E05A5233-8422-4C51-BCF3-037770D7EC9F}.Release|Any CPU.Build.0 = Release|Any CPU
		{EB298C83-8817-4E86-B8E5-EB50BF89BE2E}.Debug|Any CPU.ActiveCfg = Debug|Any CPU
		{EB298C83-8817-4E86-B8E5-EB50BF89BE2E}.Debug|Any CPU.Build.0 = Debug|Any CPU
		{EB298C83-8817-4E86-B8E5-EB50BF89BE2E}.Release|Any CPU.ActiveCfg = Release|Any CPU
		{EB298C83-8817-4E86-B8E5-EB50BF89BE2E}.Release|Any CPU.Build.0 = Release|Any CPU
		{0E3DF3D5-20D8-4BF3-A7D8-D047E8E679C0}.Debug|Any CPU.ActiveCfg = Debug|Any CPU
		{0E3DF3D5-20D8-4BF3-A7D8-D047E8E679C0}.Debug|Any CPU.Build.0 = Debug|Any CPU
		{0E3DF3D5-20D8-4BF3-A7D8-D047E8E679C0}.Release|Any CPU.ActiveCfg = Release|Any CPU
		{0E3DF3D5-20D8-4BF3-A7D8-D047E8E679C0}.Release|Any CPU.Build.0 = Release|Any CPU
	EndGlobalSection
	GlobalSection(SolutionProperties) = preSolution
		HideSolutionNode = FALSE
	EndGlobalSection
	GlobalSection(ExtensibilityGlobals) = postSolution
		SolutionGuid = {4309E4D1-177D-457D-BF4F-DD82573B955E}
	EndGlobalSection
EndGlobal
